{
    "_meta": {
        "hash": {
            "sha256": "193e695cd580a5d71c72eb45cb0762581c15f522b9c15f80197b3326c36f6126"
        },
        "pipfile-spec": 6,
        "requires": {
            "python_version": "3.10"
        },
        "sources": [
            {
                "name": "pypi",
                "url": "https://pypi.org/simple",
                "verify_ssl": true
            }
        ]
    },
    "default": {
        "attrs": {
            "hashes": [
                "sha256:1f28b4522cdc2fb4256ac1a020c78acf9cba2c6b461ccd2c126f3aa8e8335d04",
                "sha256:6279836d581513a26f1bf235f9acd333bc9115683f14f7e8fae46c98fc50e015"
            ],
            "markers": "python_version >= '3.7'",
            "version": "==23.1.0"
        },
        "aws-cdk-lib": {
            "hashes": [
                "sha256:60a0adaddad146ca682ded4762cb2665b11a095f2d9c2ad84a33ff8f473da161",
                "sha256:f73174509eb89528a4bcbd50b40dd228120c8bced8089031e72148031ee605a3"
            ],
            "index": "pypi",
            "markers": "python_version ~= '3.7'",
            "version": "==2.111.0"
        },
        "aws-cdk.asset-awscli-v1": {
            "hashes": [
                "sha256:56fe2ef91d3c8d33559aa32d2130e5f35f23af1fb82f06648ebbc82ffe0a5879",
                "sha256:88d1c269fd5cf8c9f6e0464ed22e2d4f269dfd5b36b8c4d37687bdba9c269839"
            ],
            "markers": "python_version ~= '3.7'",
            "version": "==2.2.201"
        },
        "aws-cdk.asset-kubectl-v20": {
            "hashes": [
                "sha256:346283e43018a43e3b3ca571de3f44e85d49c038dc20851894cb8f9b2052b164",
                "sha256:7f0617ab6cb942b066bd7174bf3e1f377e57878c3e1cddc21d6b2d13c92d0cc1"
            ],
            "markers": "python_version ~= '3.7'",
            "version": "==2.1.2"
        },
        "aws-cdk.asset-node-proxy-agent-v6": {
            "hashes": [
                "sha256:42cdbc1de2ed3f845e3eb883a72f58fc7e5554c2e0b6fcdb366c159778dce74d",
                "sha256:e442673d4f93137ab165b75386761b1d46eea25fc5015e5145ae3afa9da06b6e"
            ],
            "markers": "python_version ~= '3.7'",
            "version": "==2.0.1"
        },
        "boto3": {
            "hashes": [
                "sha256:1fe5fa75ff0f0c29a6f55e818d149d33571731e692a7b785ded7a28ac832cae8",
                "sha256:fa5aa92d16763cb906fb4a83d6eba887342202a980bea07862af5ba40827aa5a"
            ],
            "index": "pypi",
            "markers": "python_version >= '3.7'",
            "version": "==1.33.1"
        },
        "botocore": {
            "hashes": [
                "sha256:c744b90980786c610dd9ad9c50cf2cdde3f1c4634b954a33613f6f8a1865a1de",
                "sha256:d22d29916905e5f0670b91f07688e92b2c4a2075f9a474d6edbe7d22040d8fbf"
            ],
            "markers": "python_version >= '3.7'",
            "version": "==1.33.1"
        },
        "cattrs": {
            "hashes": [
                "sha256:b2bb14311ac17bed0d58785e5a60f022e5431aca3932e3fc5cc8ed8639de50a4",
                "sha256:db1c821b8c537382b2c7c66678c3790091ca0275ac486c76f3c8f3920e83c657"
            ],
            "markers": "python_version >= '3.7'",
            "version": "==23.1.2"
        },
        "cdk-nag": {
            "hashes": [
                "sha256:63738b03b86ea9b8b263bb2f8dc88e834c80831524828b989089288703a99c3f",
                "sha256:78eef7ea1d1a72d1e34fde60a273182906287f667ee9036a68d113c411891f28"
            ],
            "index": "pypi",
            "markers": "python_version ~= '3.8'",
            "version": "==2.27.202"
        },
        "constructs": {
            "hashes": [
                "sha256:2972f514837565ff5b09171cfba50c0159dfa75ee86a42921ea8c86f2941b3d2",
                "sha256:518551135ec236f9cc6b86500f4fbbe83b803ccdc6c2cb7684e0b7c4d234e7b1"
            ],
            "index": "pypi",
            "markers": "python_version ~= '3.7'",
            "version": "==10.3.0"
        },
        "exceptiongroup": {
            "hashes": [
                "sha256:4bfd3996ac73b41e9b9628b04e079f193850720ea5945fc96a08633c66912f14",
                "sha256:91f5c769735f051a4290d52edd0858999b57e5876e9f85937691bd4c9fa3ed68"
            ],
            "markers": "python_version < '3.11'",
            "version": "==1.2.0"
        },
        "importlib-resources": {
            "hashes": [
                "sha256:3893a00122eafde6894c59914446a512f728a0c1a45f9bb9b63721b6bacf0b4a",
                "sha256:e8bf90d8213b486f428c9c39714b920041cb02c184686a3dee24905aaa8105d6"
            ],
            "markers": "python_version >= '3.8'",
            "version": "==6.1.1"
        },
        "jmespath": {
            "hashes": [
                "sha256:02e2e4cc71b5bcab88332eebf907519190dd9e6e82107fa7f83b1003a6252980",
                "sha256:90261b206d6defd58fdd5e85f478bf633a2901798906be2ad389150c5c60edbe"
            ],
            "markers": "python_version >= '3.7'",
            "version": "==1.0.1"
        },
        "jsii": {
            "hashes": [
                "sha256:2b5205c0fec87e1a9a9f283f60577ad172d7124bb614b8cdadc963306e1ac75f",
                "sha256:30deaea011e146e1d4c0dbb35bd7effd4d292cef676052e5672a825fc1aaaebf"
            ],
            "markers": "python_version ~= '3.8'",
            "version": "==1.92.0"
        },
        "publication": {
            "hashes": [
                "sha256:0248885351febc11d8a1098d5c8e3ab2dabcf3e8c0c96db1e17ecd12b53afbe6",
                "sha256:68416a0de76dddcdd2930d1c8ef853a743cc96c82416c4e4d3b5d901c6276dc4"
            ],
            "version": "==0.0.3"
        },
        "python-dateutil": {
            "hashes": [
                "sha256:0123cacc1627ae19ddf3c27a5de5bd67ee4586fbdd6440d9748f8abb483d3e86",
                "sha256:961d03dc3453ebbc59dbdea9e4e11c5651520a876d0f4db161e8674aae935da9"
            ],
            "markers": "python_version >= '2.7' and python_version not in '3.0, 3.1, 3.2, 3.3'",
            "version": "==2.8.2"
        },
        "s3transfer": {
            "hashes": [
                "sha256:baa479dc2e63e5c2ed51611b4d46cdf0295e2070d8d0b86b22f335ee5b954986",
                "sha256:e8d6bd52ffd99841e3a57b34370a54841f12d3aab072af862cdcc50955288002"
            ],
            "markers": "python_version >= '3.7'",
            "version": "==0.8.0"
        },
        "six": {
            "hashes": [
                "sha256:1e61c37477a1626458e36f7b1d82aa5c9b094fa4802892072e49de9c60c4c926",
                "sha256:8abb2f1d86890a2dfb989f9a77cfcfd3e47c2a354b01111771326f8aa26e0254"
            ],
            "markers": "python_version >= '2.7' and python_version not in '3.0, 3.1, 3.2, 3.3'",
            "version": "==1.16.0"
        },
        "typeguard": {
            "hashes": [
                "sha256:00edaa8da3a133674796cf5ea87d9f4b4c367d77476e185e80251cc13dfbb8c4",
                "sha256:5e3e3be01e887e7eafae5af63d1f36c849aaa94e3a0112097312aabfa16284f1"
            ],
            "markers": "python_full_version >= '3.5.3'",
            "version": "==2.13.3"
        },
        "typing-extensions": {
            "hashes": [
                "sha256:8f92fc8806f9a6b641eaa5318da32b44d401efaac0f6678c9bc448ba3605faa0",
                "sha256:df8e4339e9cb77357558cbdbceca33c303714cf861d1eef15e1070055ae8b7ef"
            ],
            "markers": "python_version >= '3.8'",
            "version": "==4.8.0"
        },
        "urllib3": {
            "hashes": [
                "sha256:c97dfde1f7bd43a71c8d2a58e369e9b2bf692d1334ea9f9cae55add7d0dd0f84",
                "sha256:fdb6d215c776278489906c2f8916e6e7d4f5a9b602ccbcfdf7f016fc8da0596e"
            ],
            "markers": "python_version >= '3.10'",
            "version": "==2.0.7"
        }
    },
    "develop": {}
}
